schema: '2.0'
stages:
  preprocess:
    cmd: python src/preprocess.py
    deps:
    - path: data/raw/data.csv
      hash: md5
      md5: 739f3c9177b13d1c15aa060046cfb023
      size: 23872
    - path: src/preprocess.py
      hash: md5
      md5: 7f38446e708977483b9740390ffac363
      size: 609
    params:
      params.yaml:
        preprocess.input: data/raw/data.csv
        preprocess.output: data/preprocessed/data.csv
    outs:
    - path: data/preprocessed/data.csv
      hash: md5
      md5: 7fd61d4efdf739c87795f04fe645c917
      size: 27021
  train:
    cmd: python src/train.py
    deps:
    - path: data/raw/data.csv
      hash: md5
      md5: 739f3c9177b13d1c15aa060046cfb023
      size: 23872
    - path: src/train.py
      hash: md5
      md5: a8419898328d10ffd31c235ad5a2a6fd
      size: 3775
    params:
      params.yaml:
        train.data: data/preprocessed/data.csv
        train.max_depth: 10
        train.model: models/model.pkl
        train.n_estimators: 100
        train.random_state: 42
    outs:
    - path: models/model.pkl
      hash: md5
      md5: 818cb4739c0a72e05931f5a732fcc331
      size: 2323411
  evaluate:
    cmd: python src/evaluate.py
    deps:
    - path: data/raw/data.csv
      hash: md5
      md5: 739f3c9177b13d1c15aa060046cfb023
      size: 23872
    - path: models/model.pkl
      hash: md5
      md5: 818cb4739c0a72e05931f5a732fcc331
      size: 2323411
    - path: src/evaluate.py
      hash: md5
      md5: 8655cbc0a0c62b0dc8ea59eb728296d7
      size: 1079
